# This file is automatically @generated by Poetry 2.1.1 and should not be changed by hand.

[[package]]
name = "argparse"
version = "1.4.0"
description = "Python command-line parsing library"
optional = false
python-versions = "*"
groups = ["main"]
files = [
    {file = "argparse-1.4.0-py2.py3-none-any.whl", hash = "sha256:c31647edb69fd3d465a847ea3157d37bed1f95f19760b11a47aa91c04b666314"},
    {file = "argparse-1.4.0.tar.gz", hash = "sha256:62b089a55be1d8949cd2bc7e0df0bddb9e028faefc8c32038cc84862aefdd6e4"},
]

[[package]]
name = "case"
version = "1.5.3"
description = "Python unittest Utilities"
optional = false
python-versions = "*"
groups = ["main"]
files = [
    {file = "case-1.5.3-py2.py3-none-any.whl", hash = "sha256:773c4c98f5c2ce349ab8c904931288458f4ff0eff228e5fe83fd5b2074c21c51"},
    {file = "case-1.5.3.tar.gz", hash = "sha256:48432b01d91913451c3512c5b90e31b0f348f1074b166a3431085eb70d784fb1"},
]

[package.dependencies]
mock = ">=2.0"
nose = ">=1.3.7"
setuptools = ">=0.7"
six = "*"
unittest2 = ">=0.5.1"

[[package]]
name = "faker"
version = "37.1.0"
description = "Faker is a Python package that generates fake data for you."
optional = false
python-versions = ">=3.9"
groups = ["main"]
files = [
    {file = "faker-37.1.0-py3-none-any.whl", hash = "sha256:dc2f730be71cb770e9c715b13374d80dbcee879675121ab51f9683d262ae9a1c"},
    {file = "faker-37.1.0.tar.gz", hash = "sha256:ad9dc66a3b84888b837ca729e85299a96b58fdaef0323ed0baace93c9614af06"},
]

[package.dependencies]
tzdata = "*"

[[package]]
name = "linecache2"
version = "1.0.0"
description = "Backports of the linecache module"
optional = false
python-versions = "*"
groups = ["main"]
files = [
    {file = "linecache2-1.0.0-py2.py3-none-any.whl", hash = "sha256:e78be9c0a0dfcbac712fe04fbf92b96cddae80b1b842f24248214c8496f006ef"},
    {file = "linecache2-1.0.0.tar.gz", hash = "sha256:4b26ff4e7110db76eeb6f5a7b64a82623839d595c2038eeda662f2a2db78e97c"},
]

[[package]]
name = "mock"
version = "5.2.0"
description = "Rolling backport of unittest.mock for all Pythons"
optional = false
python-versions = ">=3.6"
groups = ["main"]
files = [
    {file = "mock-5.2.0-py3-none-any.whl", hash = "sha256:7ba87f72ca0e915175596069dbbcc7c75af7b5e9b9bc107ad6349ede0819982f"},
    {file = "mock-5.2.0.tar.gz", hash = "sha256:4e460e818629b4b173f32d08bf30d3af8123afbb8e04bb5707a1fd4799e503f0"},
]

[package.extras]
build = ["blurb", "twine", "wheel"]
docs = ["sphinx"]
test = ["pytest", "pytest-cov"]

[[package]]
name = "nose"
version = "1.3.7"
description = "nose extends unittest to make testing easier"
optional = false
python-versions = "*"
groups = ["main"]
files = [
    {file = "nose-1.3.7-py2-none-any.whl", hash = "sha256:dadcddc0aefbf99eea214e0f1232b94f2fa9bd98fa8353711dacb112bfcbbb2a"},
    {file = "nose-1.3.7-py3-none-any.whl", hash = "sha256:9ff7c6cc443f8c51994b34a667bbcf45afd6d945be7477b52e97516fd17c53ac"},
    {file = "nose-1.3.7.tar.gz", hash = "sha256:f1bffef9cbc82628f6e7d7b40d7e255aefaa1adb6a1b1d26c69a8b79e6208a98"},
]

[[package]]
name = "setuptools"
version = "78.1.0"
description = "Easily download, build, install, upgrade, and uninstall Python packages"
optional = false
python-versions = ">=3.9"
groups = ["main"]
files = [
    {file = "setuptools-78.1.0-py3-none-any.whl", hash = "sha256:3e386e96793c8702ae83d17b853fb93d3e09ef82ec62722e61da5cd22376dcd8"},
    {file = "setuptools-78.1.0.tar.gz", hash = "sha256:18fd474d4a82a5f83dac888df697af65afa82dec7323d09c3e37d1f14288da54"},
]

[package.extras]
check = ["pytest-checkdocs (>=2.4)", "pytest-ruff (>=0.2.1) ; sys_platform != \"cygwin\"", "ruff (>=0.8.0) ; sys_platform != \"cygwin\""]
core = ["importlib_metadata (>=6) ; python_version < \"3.10\"", "jaraco.functools (>=4)", "jaraco.text (>=3.7)", "more_itertools", "more_itertools (>=8.8)", "packaging (>=24.2)", "platformdirs (>=4.2.2)", "tomli (>=2.0.1) ; python_version < \"3.11\"", "wheel (>=0.43.0)"]
cover = ["pytest-cov"]
doc = ["furo", "jaraco.packaging (>=9.3)", "jaraco.tidelift (>=1.4)", "pygments-github-lexers (==0.0.5)", "pyproject-hooks (!=1.1)", "rst.linker (>=1.9)", "sphinx (>=3.5)", "sphinx-favicon", "sphinx-inline-tabs", "sphinx-lint", "sphinx-notfound-page (>=1,<2)", "sphinx-reredirects", "sphinxcontrib-towncrier", "towncrier (<24.7)"]
enabler = ["pytest-enabler (>=2.2)"]
test = ["build[virtualenv] (>=1.0.3)", "filelock (>=3.4.0)", "ini2toml[lite] (>=0.14)", "jaraco.develop (>=7.21) ; python_version >= \"3.9\" and sys_platform != \"cygwin\"", "jaraco.envs (>=2.2)", "jaraco.path (>=3.7.2)", "jaraco.test (>=5.5)", "packaging (>=24.2)", "pip (>=19.1)", "pyproject-hooks (!=1.1)", "pytest (>=6,!=8.1.*)", "pytest-home (>=0.5)", "pytest-perf ; sys_platform != \"cygwin\"", "pytest-subprocess", "pytest-timeout", "pytest-xdist (>=3)", "tomli-w (>=1.0.0)", "virtualenv (>=13.0.0)", "wheel (>=0.44.0)"]
type = ["importlib_metadata (>=7.0.2) ; python_version < \"3.10\"", "jaraco.develop (>=7.21) ; sys_platform != \"cygwin\"", "mypy (==1.14.*)", "pytest-mypy"]

[[package]]
name = "six"
version = "1.17.0"
description = "Python 2 and 3 compatibility utilities"
optional = false
python-versions = "!=3.0.*,!=3.1.*,!=3.2.*,>=2.7"
groups = ["main"]
files = [
    {file = "six-1.17.0-py2.py3-none-any.whl", hash = "sha256:4721f391ed90541fddacab5acf947aa0d3dc7d27b2e1e8eda2be8970586c3274"},
    {file = "six-1.17.0.tar.gz", hash = "sha256:ff70335d468e7eb6ec65b95b99d3a2836546063f63acc5171de367e834932a81"},
]

[[package]]
name = "traceback2"
version = "1.4.0"
description = "Backports of the traceback module"
optional = false
python-versions = "*"
groups = ["main"]
files = [
    {file = "traceback2-1.4.0-py2.py3-none-any.whl", hash = "sha256:8253cebec4b19094d67cc5ed5af99bf1dba1285292226e98a31929f87a5d6b23"},
    {file = "traceback2-1.4.0.tar.gz", hash = "sha256:05acc67a09980c2ecfedd3423f7ae0104839eccb55fc645773e1caa0951c3030"},
]

[package.dependencies]
linecache2 = "*"

[[package]]
name = "tzdata"
version = "2025.2"
description = "Provider of IANA time zone data"
optional = false
python-versions = ">=2"
groups = ["main"]
files = [
    {file = "tzdata-2025.2-py2.py3-none-any.whl", hash = "sha256:1a403fada01ff9221ca8044d701868fa132215d84beb92242d9acd2147f667a8"},
    {file = "tzdata-2025.2.tar.gz", hash = "sha256:b60a638fcc0daffadf82fe0f57e53d06bdec2f36c4df66280ae79bce6bd6f2b9"},
]

[[package]]
name = "unittest2"
version = "1.1.0"
description = "The new features in unittest backported to Python 2.4+."
optional = false
python-versions = "*"
groups = ["main"]
files = [
    {file = "unittest2-1.1.0-py2.py3-none-any.whl", hash = "sha256:13f77d0875db6d9b435e1d4f41e74ad4cc2eb6e1d5c824996092b3430f088bb8"},
    {file = "unittest2-1.1.0.tar.gz", hash = "sha256:22882a0e418c284e1f718a822b3b022944d53d2d908e1690b319a9d3eb2c0579"},
]

[package.dependencies]
argparse = "*"
six = ">=1.4"
traceback2 = "*"

[metadata]
lock-version = "2.1"
python-versions = ">=3.12"
content-hash = "51c3a1cc828257fdd57befa5c2cc9714fab5654e9099634962581ed3d0a5b0d0"
